
Microsoft Visual Studio Solution File, Format Version 12.00
# Visual Studio 2013
VisualStudioVersion = 12.0.30324.0
MinimumVisualStudioVersion = 10.0.40219.1
Project("{FAE04EC0-301F-11D3-BF4B-00C04F79EFBC}") = "PingPong.Web", "PingPong.Web\PingPong.Web.csproj", "{69E5A8A6-E6C7-4A95-A828-FD8123AF3451}"
EndProject
Project("{FAE04EC0-301F-11D3-BF4B-00C04F79EFBC}") = "PingPong.Entities", "PingPong.Entities\PingPong.Entities.csproj", "{AF29965E-11A5-40F8-8FB6-9D22D538F457}"
EndProject
Project("{FAE04EC0-301F-11D3-BF4B-00C04F79EFBC}") = "PingPong.Data", "PingPong.Data\PingPong.Data.csproj", "{4EC47171-9652-461E-868F-B22602D0F6DA}"
EndProject
Project("{FAE04EC0-301F-11D3-BF4B-00C04F79EFBC}") = "PingPong.BLL", "PingPong.BLL\PingPong.BLL.csproj", "{7A0643D7-8B3E-4107-A23C-7B9087374D26}"
EndProject
Global
	GlobalSection(SolutionConfigurationPlatforms) = preSolution
		Debug|Any CPU = Debug|Any CPU
		Release|Any CPU = Release|Any CPU
	EndGlobalSection
	GlobalSection(ProjectConfigurationPlatforms) = postSolution
		{69E5A8A6-E6C7-4A95-A828-FD8123AF3451}.Debug|Any CPU.ActiveCfg = Debug|Any CPU
		{69E5A8A6-E6C7-4A95-A828-FD8123AF3451}.Debug|Any CPU.Build.0 = Debug|Any CPU
		{69E5A8A6-E6C7-4A95-A828-FD8123AF3451}.Release|Any CPU.ActiveCfg = Release|Any CPU
		{69E5A8A6-E6C7-4A95-A828-FD8123AF3451}.Release|Any CPU.Build.0 = Release|Any CPU
		{AF29965E-11A5-40F8-8FB6-9D22D538F457}.Debug|Any CPU.ActiveCfg = Debug|Any CPU
		{AF29965E-11A5-40F8-8FB6-9D22D538F457}.Debug|Any CPU.Build.0 = Debug|Any CPU
		{AF29965E-11A5-40F8-8FB6-9D22D538F457}.Release|Any CPU.ActiveCfg = Release|Any CPU
		{AF29965E-11A5-40F8-8FB6-9D22D538F457}.Release|Any CPU.Build.0 = Release|Any CPU
		{4EC47171-9652-461E-868F-B22602D0F6DA}.Debug|Any CPU.ActiveCfg = Debug|Any CPU
		{4EC47171-9652-461E-868F-B22602D0F6DA}.Debug|Any CPU.Build.0 = Debug|Any CPU
		{4EC47171-9652-461E-868F-B22602D0F6DA}.Release|Any CPU.ActiveCfg = Release|Any CPU
		{4EC47171-9652-461E-868F-B22602D0F6DA}.Release|Any CPU.Build.0 = Release|Any CPU
		{7A0643D7-8B3E-4107-A23C-7B9087374D26}.Debug|Any CPU.ActiveCfg = Debug|Any CPU
		{7A0643D7-8B3E-4107-A23C-7B9087374D26}.Debug|Any CPU.Build.0 = Debug|Any CPU
		{7A0643D7-8B3E-4107-A23C-7B9087374D26}.Release|Any CPU.ActiveCfg = Release|Any CPU
		{7A0643D7-8B3E-4107-A23C-7B9087374D26}.Release|Any CPU.Build.0 = Release|Any CPU
	EndGlobalSection
	GlobalSection(SolutionProperties) = preSolution
		HideSolutionNode = FALSE
	EndGlobalSection
EndGlobal
